// !$*UTF8*$!
{
	archiveVersion = 1;
	classes = {
	};
	objectVersion = 56;
	objects = {

/* Begin PBXBuildFile section */
		1B0240712AA6DC8B00EE0447 /* sappliApp.swift in Sources */ = {isa = PBXBuildFile; fileRef = 1B0240702AA6DC8B00EE0447 /* sappliApp.swift */; };
		1B0240732AA6DC8B00EE0447 /* ContentView.swift in Sources */ = {isa = PBXBuildFile; fileRef = 1B0240722AA6DC8B00EE0447 /* ContentView.swift */; };
		1B0240752AA6DC8F00EE0447 /* Assets.xcassets in Resources */ = {isa = PBXBuildFile; fileRef = 1B0240742AA6DC8F00EE0447 /* Assets.xcassets */; };
		1B0240782AA6DC8F00EE0447 /* Preview Assets.xcassets in Resources */ = {isa = PBXBuildFile; fileRef = 1B0240772AA6DC8F00EE0447 /* Preview Assets.xcassets */; };
		1B0240802AA6DCDF00EE0447 /* SwiftFormat in Frameworks */ = {isa = PBXBuildFile; productRef = 1B02407F2AA6DCDF00EE0447 /* SwiftFormat */; };
		1B0240822AA6DD9800EE0447 /* .gitignore in Resources */ = {isa = PBXBuildFile; fileRef = 1B0240812AA6DD9800EE0447 /* .gitignore */; };
		1B0240852AA6E4DC00EE0447 /* SupplimentListView.swift in Sources */ = {isa = PBXBuildFile; fileRef = 1B0240842AA6E4DC00EE0447 /* SupplimentListView.swift */; };
		1B0240872AA6E51700EE0447 /* GroupListView.swift in Sources */ = {isa = PBXBuildFile; fileRef = 1B0240862AA6E51700EE0447 /* GroupListView.swift */; };
		1B0240892AA6E52E00EE0447 /* AllSupplimentListView.swift in Sources */ = {isa = PBXBuildFile; fileRef = 1B0240882AA6E52E00EE0447 /* AllSupplimentListView.swift */; };
		1B02408C2AA6E7C400EE0447 /* ContentViewModel.swift in Sources */ = {isa = PBXBuildFile; fileRef = 1B02408B2AA6E7C400EE0447 /* ContentViewModel.swift */; };
		1B02408F2AA70AF000EE0447 /* Suppliment.swift in Sources */ = {isa = PBXBuildFile; fileRef = 1B02408E2AA70AF000EE0447 /* Suppliment.swift */; };
		1B0240912AA70BCD00EE0447 /* SupplimentListViewModel.swift in Sources */ = {isa = PBXBuildFile; fileRef = 1B0240902AA70BCD00EE0447 /* SupplimentListViewModel.swift */; };
		1B0240942AA70C9900EE0447 /* DataStorageHelper.swift in Sources */ = {isa = PBXBuildFile; fileRef = 1B0240932AA70C9900EE0447 /* DataStorageHelper.swift */; };
		1B0240972AA7220B00EE0447 /* Realm in Frameworks */ = {isa = PBXBuildFile; productRef = 1B0240962AA7220B00EE0447 /* Realm */; };
		1B0240992AA7220B00EE0447 /* RealmSwift in Frameworks */ = {isa = PBXBuildFile; productRef = 1B0240982AA7220B00EE0447 /* RealmSwift */; };
		1B02409B2AA7228A00EE0447 /* Group.swift in Sources */ = {isa = PBXBuildFile; fileRef = 1B02409A2AA7228A00EE0447 /* Group.swift */; };
		1BBBA2162AA72E62006CC670 /* README.md in Resources */ = {isa = PBXBuildFile; fileRef = 1BBBA2152AA72E62006CC670 /* README.md */; };
		1BBBA21E2AA72F7A006CC670 /* sappliTests.swift in Sources */ = {isa = PBXBuildFile; fileRef = 1BBBA21D2AA72F7A006CC670 /* sappliTests.swift */; };
/* End PBXBuildFile section */

/* Begin PBXContainerItemProxy section */
		1BBBA21F2AA72F7A006CC670 /* PBXContainerItemProxy */ = {
			isa = PBXContainerItemProxy;
			containerPortal = 1B0240652AA6DC8B00EE0447 /* Project object */;
			proxyType = 1;
			remoteGlobalIDString = 1B02406C2AA6DC8B00EE0447;
			remoteInfo = sappli;
		};
/* End PBXContainerItemProxy section */

/* Begin PBXFileReference section */
		1B02406D2AA6DC8B00EE0447 /* sappli.app */ = {isa = PBXFileReference; explicitFileType = wrapper.application; includeInIndex = 0; path = sappli.app; sourceTree = BUILT_PRODUCTS_DIR; };
		1B0240702AA6DC8B00EE0447 /* sappliApp.swift */ = {isa = PBXFileReference; lastKnownFileType = sourcecode.swift; path = sappliApp.swift; sourceTree = "<group>"; };
		1B0240722AA6DC8B00EE0447 /* ContentView.swift */ = {isa = PBXFileReference; lastKnownFileType = sourcecode.swift; path = ContentView.swift; sourceTree = "<group>"; };
		1B0240742AA6DC8F00EE0447 /* Assets.xcassets */ = {isa = PBXFileReference; lastKnownFileType = folder.assetcatalog; path = Assets.xcassets; sourceTree = "<group>"; };
		1B0240772AA6DC8F00EE0447 /* Preview Assets.xcassets */ = {isa = PBXFileReference; lastKnownFileType = folder.assetcatalog; path = "Preview Assets.xcassets"; sourceTree = "<group>"; };
		1B0240812AA6DD9800EE0447 /* .gitignore */ = {isa = PBXFileReference; lastKnownFileType = text; path = .gitignore; sourceTree = "<group>"; };
		1B0240842AA6E4DC00EE0447 /* SupplimentListView.swift */ = {isa = PBXFileReference; lastKnownFileType = sourcecode.swift; path = SupplimentListView.swift; sourceTree = "<group>"; };
		1B0240862AA6E51700EE0447 /* GroupListView.swift */ = {isa = PBXFileReference; lastKnownFileType = sourcecode.swift; path = GroupListView.swift; sourceTree = "<group>"; };
		1B0240882AA6E52E00EE0447 /* AllSupplimentListView.swift */ = {isa = PBXFileReference; lastKnownFileType = sourcecode.swift; path = AllSupplimentListView.swift; sourceTree = "<group>"; };
		1B02408B2AA6E7C400EE0447 /* ContentViewModel.swift */ = {isa = PBXFileReference; lastKnownFileType = sourcecode.swift; path = ContentViewModel.swift; sourceTree = "<group>"; };
		1B02408E2AA70AF000EE0447 /* Suppliment.swift */ = {isa = PBXFileReference; lastKnownFileType = sourcecode.swift; path = Suppliment.swift; sourceTree = "<group>"; };
		1B0240902AA70BCD00EE0447 /* SupplimentListViewModel.swift */ = {isa = PBXFileReference; lastKnownFileType = sourcecode.swift; path = SupplimentListViewModel.swift; sourceTree = "<group>"; };
		1B0240932AA70C9900EE0447 /* DataStorageHelper.swift */ = {isa = PBXFileReference; lastKnownFileType = sourcecode.swift; path = DataStorageHelper.swift; sourceTree = "<group>"; };
		1B02409A2AA7228A00EE0447 /* Group.swift */ = {isa = PBXFileReference; lastKnownFileType = sourcecode.swift; path = Group.swift; sourceTree = "<group>"; };
		1BBBA2152AA72E62006CC670 /* README.md */ = {isa = PBXFileReference; fileEncoding = 4; lastKnownFileType = net.daringfireball.markdown; path = README.md; sourceTree = "<group>"; };
		1BBBA21B2AA72F7A006CC670 /* sappliTests.xctest */ = {isa = PBXFileReference; explicitFileType = wrapper.cfbundle; includeInIndex = 0; path = sappliTests.xctest; sourceTree = BUILT_PRODUCTS_DIR; };
		1BBBA21D2AA72F7A006CC670 /* sappliTests.swift */ = {isa = PBXFileReference; lastKnownFileType = sourcecode.swift; path = sappliTests.swift; sourceTree = "<group>"; };
/* End PBXFileReference section */

/* Begin PBXFrameworksBuildPhase section */
		1B02406A2AA6DC8B00EE0447 /* Frameworks */ = {
			isa = PBXFrameworksBuildPhase;
			buildActionMask = 2147483647;
			files = (
				1B0240992AA7220B00EE0447 /* RealmSwift in Frameworks */,
				1B0240972AA7220B00EE0447 /* Realm in Frameworks */,
				1B0240802AA6DCDF00EE0447 /* SwiftFormat in Frameworks */,
			);
			runOnlyForDeploymentPostprocessing = 0;
		};
		1BBBA2182AA72F7A006CC670 /* Frameworks */ = {
			isa = PBXFrameworksBuildPhase;
			buildActionMask = 2147483647;
			files = (
			);
			runOnlyForDeploymentPostprocessing = 0;
		};
/* End PBXFrameworksBuildPhase section */

/* Begin PBXGroup section */
		1B0240642AA6DC8B00EE0447 = {
			isa = PBXGroup;
			children = (
				1BBBA2152AA72E62006CC670 /* README.md */,
				1B0240812AA6DD9800EE0447 /* .gitignore */,
				1BBBA21C2AA72F7A006CC670 /* sappliTests */,
				1B02406E2AA6DC8B00EE0447 /* Products */,
				1B02406F2AA6DC8B00EE0447 /* sappli */,
			);
			sourceTree = "<group>";
		};
		1B02406E2AA6DC8B00EE0447 /* Products */ = {
			isa = PBXGroup;
			children = (
				1B02406D2AA6DC8B00EE0447 /* sappli.app */,
				1BBBA21B2AA72F7A006CC670 /* sappliTests.xctest */,
			);
			name = Products;
			sourceTree = "<group>";
		};
		1B02406F2AA6DC8B00EE0447 /* sappli */ = {
			isa = PBXGroup;
			children = (
				1B02409C2AA72C5700EE0447 /* Components */,
				1B0240742AA6DC8F00EE0447 /* Assets.xcassets */,
				1B0240922AA70C8500EE0447 /* Helpers */,
				1B02408D2AA70ABE00EE0447 /* Models */,
				1B0240762AA6DC8F00EE0447 /* Preview Content */,
				1B0240702AA6DC8B00EE0447 /* sappliApp.swift */,
				1B02408A2AA6E7AA00EE0447 /* ViewModels */,
				1B0240832AA6DF0B00EE0447 /* Views */,
			);
			path = sappli;
			sourceTree = "<group>";
		};
		1B0240762AA6DC8F00EE0447 /* Preview Content */ = {
			isa = PBXGroup;
			children = (
				1B0240772AA6DC8F00EE0447 /* Preview Assets.xcassets */,
			);
			path = "Preview Content";
			sourceTree = "<group>";
		};
		1B0240832AA6DF0B00EE0447 /* Views */ = {
			isa = PBXGroup;
			children = (
				1B0240722AA6DC8B00EE0447 /* ContentView.swift */,
				1B0240842AA6E4DC00EE0447 /* SupplimentListView.swift */,
				1B0240862AA6E51700EE0447 /* GroupListView.swift */,
				1B0240882AA6E52E00EE0447 /* AllSupplimentListView.swift */,
			);
			path = Views;
			sourceTree = "<group>";
		};
		1B02408A2AA6E7AA00EE0447 /* ViewModels */ = {
			isa = PBXGroup;
			children = (
				1B02408B2AA6E7C400EE0447 /* ContentViewModel.swift */,
				1B0240902AA70BCD00EE0447 /* SupplimentListViewModel.swift */,
			);
			path = ViewModels;
			sourceTree = "<group>";
		};
		1B02408D2AA70ABE00EE0447 /* Models */ = {
			isa = PBXGroup;
			children = (
				1B02408E2AA70AF000EE0447 /* Suppliment.swift */,
				1B02409A2AA7228A00EE0447 /* Group.swift */,
			);
			path = Models;
			sourceTree = "<group>";
		};
		1B0240922AA70C8500EE0447 /* Helpers */ = {
			isa = PBXGroup;
			children = (
				1B0240932AA70C9900EE0447 /* DataStorageHelper.swift */,
			);
			path = Helpers;
			sourceTree = "<group>";
		};
		1B02409C2AA72C5700EE0447 /* Components */ = {
			isa = PBXGroup;
			children = (
			);
			path = Components;
			sourceTree = "<group>";
		};
		1BBBA21C2AA72F7A006CC670 /* sappliTests */ = {
			isa = PBXGroup;
			children = (
				1BBBA21D2AA72F7A006CC670 /* sappliTests.swift */,
			);
			path = sappliTests;
			sourceTree = "<group>";
		};
/* End PBXGroup section */

/* Begin PBXNativeTarget section */
		1B02406C2AA6DC8B00EE0447 /* sappli */ = {
			isa = PBXNativeTarget;
			buildConfigurationList = 1B02407B2AA6DC8F00EE0447 /* Build configuration list for PBXNativeTarget "sappli" */;
			buildPhases = (
				1B0240692AA6DC8B00EE0447 /* Sources */,
				1B02406A2AA6DC8B00EE0447 /* Frameworks */,
				1B02406B2AA6DC8B00EE0447 /* Resources */,
			);
			buildRules = (
			);
			dependencies = (
			);
			name = sappli;
			packageProductDependencies = (
				1B02407F2AA6DCDF00EE0447 /* SwiftFormat */,
				1B0240962AA7220B00EE0447 /* Realm */,
				1B0240982AA7220B00EE0447 /* RealmSwift */,
			);
			productName = sappli;
			productReference = 1B02406D2AA6DC8B00EE0447 /* sappli.app */;
			productType = "com.apple.product-type.application";
		};
		1BBBA21A2AA72F7A006CC670 /* sappliTests */ = {
			isa = PBXNativeTarget;
			buildConfigurationList = 1BBBA2212AA72F7A006CC670 /* Build configuration list for PBXNativeTarget "sappliTests" */;
			buildPhases = (
				1BBBA2172AA72F7A006CC670 /* Sources */,
				1BBBA2182AA72F7A006CC670 /* Frameworks */,
				1BBBA2192AA72F7A006CC670 /* Resources */,
			);
			buildRules = (
			);
			dependencies = (
				1BBBA2202AA72F7A006CC670 /* PBXTargetDependency */,
			);
			name = sappliTests;
			productName = sappliTests;
			productReference = 1BBBA21B2AA72F7A006CC670 /* sappliTests.xctest */;
			productType = "com.apple.product-type.bundle.unit-test";
		};
/* End PBXNativeTarget section */

/* Begin PBXProject section */
		1B0240652AA6DC8B00EE0447 /* Project object */ = {
			isa = PBXProject;
			attributes = {
				BuildIndependentTargetsInParallel = 1;
				LastSwiftUpdateCheck = 1430;
				LastUpgradeCheck = 1430;
				TargetAttributes = {
					1B02406C2AA6DC8B00EE0447 = {
						CreatedOnToolsVersion = 14.3.1;
					};
					1BBBA21A2AA72F7A006CC670 = {
						CreatedOnToolsVersion = 14.3.1;
						TestTargetID = 1B02406C2AA6DC8B00EE0447;
					};
				};
			};
			buildConfigurationList = 1B0240682AA6DC8B00EE0447 /* Build configuration list for PBXProject "sappli" */;
			compatibilityVersion = "Xcode 14.0";
			developmentRegion = en;
			hasScannedForEncodings = 0;
			knownRegions = (
				en,
				Base,
			);
			mainGroup = 1B0240642AA6DC8B00EE0447;
			packageReferences = (
				1B02407E2AA6DCDF00EE0447 /* XCRemoteSwiftPackageReference "SwiftFormat" */,
				1B0240952AA7220B00EE0447 /* XCRemoteSwiftPackageReference "realm-swift" */,
			);
			productRefGroup = 1B02406E2AA6DC8B00EE0447 /* Products */;
			projectDirPath = "";
			projectRoot = "";
			targets = (
				1B02406C2AA6DC8B00EE0447 /* sappli */,
				1BBBA21A2AA72F7A006CC670 /* sappliTests */,
			);
		};
/* End PBXProject section */

/* Begin PBXResourcesBuildPhase section */
		1B02406B2AA6DC8B00EE0447 /* Resources */ = {
			isa = PBXResourcesBuildPhase;
			buildActionMask = 2147483647;
			files = (
				1B0240782AA6DC8F00EE0447 /* Preview Assets.xcassets in Resources */,
				1B0240822AA6DD9800EE0447 /* .gitignore in Resources */,
				1BBBA2162AA72E62006CC670 /* README.md in Resources */,
				1B0240752AA6DC8F00EE0447 /* Assets.xcassets in Resources */,
			);
			runOnlyForDeploymentPostprocessing = 0;
		};
		1BBBA2192AA72F7A006CC670 /* Resources */ = {
			isa = PBXResourcesBuildPhase;
			buildActionMask = 2147483647;
			files = (
			);
			runOnlyForDeploymentPostprocessing = 0;
		};
/* End PBXResourcesBuildPhase section */

/* Begin PBXSourcesBuildPhase section */
		1B0240692AA6DC8B00EE0447 /* Sources */ = {
			isa = PBXSourcesBuildPhase;
			buildActionMask = 2147483647;
			files = (
				1B02408F2AA70AF000EE0447 /* Suppliment.swift in Sources */,
				1B0240912AA70BCD00EE0447 /* SupplimentListViewModel.swift in Sources */,
				1B0240942AA70C9900EE0447 /* DataStorageHelper.swift in Sources */,
				1B02409B2AA7228A00EE0447 /* Group.swift in Sources */,
				1B0240732AA6DC8B00EE0447 /* ContentView.swift in Sources */,
				1B0240852AA6E4DC00EE0447 /* SupplimentListView.swift in Sources */,
				1B02408C2AA6E7C400EE0447 /* ContentViewModel.swift in Sources */,
				1B0240712AA6DC8B00EE0447 /* sappliApp.swift in Sources */,
				1B0240872AA6E51700EE0447 /* GroupListView.swift in Sources */,
				1B0240892AA6E52E00EE0447 /* AllSupplimentListView.swift in Sources */,
			);
			runOnlyForDeploymentPostprocessing = 0;
		};
		1BBBA2172AA72F7A006CC670 /* Sources */ = {
			isa = PBXSourcesBuildPhase;
			buildActionMask = 2147483647;
			files = (
				1BBBA21E2AA72F7A006CC670 /* sappliTests.swift in Sources */,
			);
			runOnlyForDeploymentPostprocessing = 0;
		};
/* End PBXSourcesBuildPhase section */

/* Begin PBXTargetDependency section */
		1BBBA2202AA72F7A006CC670 /* PBXTargetDependency */ = {
			isa = PBXTargetDependency;
			target = 1B02406C2AA6DC8B00EE0447 /* sappli */;
			targetProxy = 1BBBA21F2AA72F7A006CC670 /* PBXContainerItemProxy */;
		};
/* End PBXTargetDependency section */

/* Begin XCBuildConfiguration section */
		1B0240792AA6DC8F00EE0447 /* Debug */ = {
			isa = XCBuildConfiguration;
			buildSettings = {
				ALWAYS_SEARCH_USER_PATHS = NO;
				CLANG_ANALYZER_NONNULL = YES;
				CLANG_ANALYZER_NUMBER_OBJECT_CONVERSION = YES_AGGRESSIVE;
				CLANG_CXX_LANGUAGE_STANDARD = "gnu++20";
				CLANG_ENABLE_MODULES = YES;
				CLANG_ENABLE_OBJC_ARC = YES;
				CLANG_ENABLE_OBJC_WEAK = YES;
				CLANG_WARN_BLOCK_CAPTURE_AUTORELEASING = YES;
				CLANG_WARN_BOOL_CONVERSION = YES;
				CLANG_WARN_COMMA = YES;
				CLANG_WARN_CONSTANT_CONVERSION = YES;
				CLANG_WARN_DEPRECATED_OBJC_IMPLEMENTATIONS = YES;
				CLANG_WARN_DIRECT_OBJC_ISA_USAGE = YES_ERROR;
				CLANG_WARN_DOCUMENTATION_COMMENTS = YES;
				CLANG_WARN_EMPTY_BODY = YES;
				CLANG_WARN_ENUM_CONVERSION = YES;
				CLANG_WARN_INFINITE_RECURSION = YES;
				CLANG_WARN_INT_CONVERSION = YES;
				CLANG_WARN_NON_LITERAL_NULL_CONVERSION = YES;
				CLANG_WARN_OBJC_IMPLICIT_RETAIN_SELF = YES;
				CLANG_WARN_OBJC_LITERAL_CONVERSION = YES;
				CLANG_WARN_OBJC_ROOT_CLASS = YES_ERROR;
				CLANG_WARN_QUOTED_INCLUDE_IN_FRAMEWORK_HEADER = YES;
				CLANG_WARN_RANGE_LOOP_ANALYSIS = YES;
				CLANG_WARN_STRICT_PROTOTYPES = YES;
				CLANG_WARN_SUSPICIOUS_MOVE = YES;
				CLANG_WARN_UNGUARDED_AVAILABILITY = YES_AGGRESSIVE;
				CLANG_WARN_UNREACHABLE_CODE = YES;
				CLANG_WARN__DUPLICATE_METHOD_MATCH = YES;
				COPY_PHASE_STRIP = NO;
				DEBUG_INFORMATION_FORMAT = dwarf;
				ENABLE_STRICT_OBJC_MSGSEND = YES;
				ENABLE_TESTABILITY = YES;
				GCC_C_LANGUAGE_STANDARD = gnu11;
				GCC_DYNAMIC_NO_PIC = NO;
				GCC_NO_COMMON_BLOCKS = YES;
				GCC_OPTIMIZATION_LEVEL = 0;
				GCC_PREPROCESSOR_DEFINITIONS = (
					"DEBUG=1",
					"$(inherited)",
				);
				GCC_WARN_64_TO_32_BIT_CONVERSION = YES;
				GCC_WARN_ABOUT_RETURN_TYPE = YES_ERROR;
				GCC_WARN_UNDECLARED_SELECTOR = YES;
				GCC_WARN_UNINITIALIZED_AUTOS = YES_AGGRESSIVE;
				GCC_WARN_UNUSED_FUNCTION = YES;
				GCC_WARN_UNUSED_VARIABLE = YES;
				IPHONEOS_DEPLOYMENT_TARGET = 16.4;
				MTL_ENABLE_DEBUG_INFO = INCLUDE_SOURCE;
				MTL_FAST_MATH = YES;
				ONLY_ACTIVE_ARCH = YES;
				SDKROOT = iphoneos;
				SWIFT_ACTIVE_COMPILATION_CONDITIONS = DEBUG;
				SWIFT_OPTIMIZATION_LEVEL = "-Onone";
			};
			name = Debug;
		};
		1B02407A2AA6DC8F00EE0447 /* Release */ = {
			isa = XCBuildConfiguration;
			buildSettings = {
				ALWAYS_SEARCH_USER_PATHS = NO;
				CLANG_ANALYZER_NONNULL = YES;
				CLANG_ANALYZER_NUMBER_OBJECT_CONVERSION = YES_AGGRESSIVE;
				CLANG_CXX_LANGUAGE_STANDARD = "gnu++20";
				CLANG_ENABLE_MODULES = YES;
				CLANG_ENABLE_OBJC_ARC = YES;
				CLANG_ENABLE_OBJC_WEAK = YES;
				CLANG_WARN_BLOCK_CAPTURE_AUTORELEASING = YES;
				CLANG_WARN_BOOL_CONVERSION = YES;
				CLANG_WARN_COMMA = YES;
				CLANG_WARN_CONSTANT_CONVERSION = YES;
				CLANG_WARN_DEPRECATED_OBJC_IMPLEMENTATIONS = YES;
				CLANG_WARN_DIRECT_OBJC_ISA_USAGE = YES_ERROR;
				CLANG_WARN_DOCUMENTATION_COMMENTS = YES;
				CLANG_WARN_EMPTY_BODY = YES;
				CLANG_WARN_ENUM_CONVERSION = YES;
				CLANG_WARN_INFINITE_RECURSION = YES;
				CLANG_WARN_INT_CONVERSION = YES;
				CLANG_WARN_NON_LITERAL_NULL_CONVERSION = YES;
				CLANG_WARN_OBJC_IMPLICIT_RETAIN_SELF = YES;
				CLANG_WARN_OBJC_LITERAL_CONVERSION = YES;
				CLANG_WARN_OBJC_ROOT_CLASS = YES_ERROR;
				CLANG_WARN_QUOTED_INCLUDE_IN_FRAMEWORK_HEADER = YES;
				CLANG_WARN_RANGE_LOOP_ANALYSIS = YES;
				CLANG_WARN_STRICT_PROTOTYPES = YES;
				CLANG_WARN_SUSPICIOUS_MOVE = YES;
				CLANG_WARN_UNGUARDED_AVAILABILITY = YES_AGGRESSIVE;
				CLANG_WARN_UNREACHABLE_CODE = YES;
				CLANG_WARN__DUPLICATE_METHOD_MATCH = YES;
				COPY_PHASE_STRIP = NO;
				DEBUG_INFORMATION_FORMAT = "dwarf-with-dsym";
				ENABLE_NS_ASSERTIONS = NO;
				ENABLE_STRICT_OBJC_MSGSEND = YES;
				GCC_C_LANGUAGE_STANDARD = gnu11;
				GCC_NO_COMMON_BLOCKS = YES;
				GCC_WARN_64_TO_32_BIT_CONVERSION = YES;
				GCC_WARN_ABOUT_RETURN_TYPE = YES_ERROR;
				GCC_WARN_UNDECLARED_SELECTOR = YES;
				GCC_WARN_UNINITIALIZED_AUTOS = YES_AGGRESSIVE;
				GCC_WARN_UNUSED_FUNCTION = YES;
				GCC_WARN_UNUSED_VARIABLE = YES;
				IPHONEOS_DEPLOYMENT_TARGET = 16.4;
				MTL_ENABLE_DEBUG_INFO = NO;
				MTL_FAST_MATH = YES;
				SDKROOT = iphoneos;
				SWIFT_COMPILATION_MODE = wholemodule;
				SWIFT_OPTIMIZATION_LEVEL = "-O";
				VALIDATE_PRODUCT = YES;
			};
			name = Release;
		};
		1B02407C2AA6DC8F00EE0447 /* Debug */ = {
			isa = XCBuildConfiguration;
			buildSettings = {
				ASSETCATALOG_COMPILER_APPICON_NAME = AppIcon;
				ASSETCATALOG_COMPILER_GLOBAL_ACCENT_COLOR_NAME = AccentColor;
				CODE_SIGN_STYLE = Automatic;
				CURRENT_PROJECT_VERSION = 1;
				DEVELOPMENT_ASSET_PATHS = "\"sappli/Preview Content\"";
				ENABLE_PREVIEWS = YES;
				GENERATE_INFOPLIST_FILE = YES;
				INFOPLIST_KEY_UIApplicationSceneManifest_Generation = YES;
				INFOPLIST_KEY_UIApplicationSupportsIndirectInputEvents = YES;
				INFOPLIST_KEY_UILaunchScreen_Generation = YES;
				INFOPLIST_KEY_UISupportedInterfaceOrientations_iPad = "UIInterfaceOrientationPortrait UIInterfaceOrientationPortraitUpsideDown UIInterfaceOrientationLandscapeLeft UIInterfaceOrientationLandscapeRight";
				INFOPLIST_KEY_UISupportedInterfaceOrientations_iPhone = "UIInterfaceOrientationPortrait UIInterfaceOrientationLandscapeLeft UIInterfaceOrientationLandscapeRight";
				LD_RUNPATH_SEARCH_PATHS = (
					"$(inherited)",
					"@executable_path/Frameworks",
				);
				MARKETING_VERSION = 1.0;
				PRODUCT_BUNDLE_IDENTIFIER = None.sappli;
				PRODUCT_NAME = "$(TARGET_NAME)";
				SWIFT_EMIT_LOC_STRINGS = YES;
				SWIFT_VERSION = 5.0;
				TARGETED_DEVICE_FAMILY = "1,2";
			};
			name = Debug;
		};
		1B02407D2AA6DC8F00EE0447 /* Release */ = {
			isa = XCBuildConfiguration;
			buildSettings = {
				ASSETCATALOG_COMPILER_APPICON_NAME = AppIcon;
				ASSETCATALOG_COMPILER_GLOBAL_ACCENT_COLOR_NAME = AccentColor;
				CODE_SIGN_STYLE = Automatic;
				CURRENT_PROJECT_VERSION = 1;
				DEVELOPMENT_ASSET_PATHS = "\"sappli/Preview Content\"";
				ENABLE_PREVIEWS = YES;
				GENERATE_INFOPLIST_FILE = YES;
				INFOPLIST_KEY_UIApplicationSceneManifest_Generation = YES;
				INFOPLIST_KEY_UIApplicationSupportsIndirectInputEvents = YES;
				INFOPLIST_KEY_UILaunchScreen_Generation = YES;
				INFOPLIST_KEY_UISupportedInterfaceOrientations_iPad = "UIInterfaceOrientationPortrait UIInterfaceOrientationPortraitUpsideDown UIInterfaceOrientationLandscapeLeft UIInterfaceOrientationLandscapeRight";
				INFOPLIST_KEY_UISupportedInterfaceOrientations_iPhone = "UIInterfaceOrientationPortrait UIInterfaceOrientationLandscapeLeft UIInterfaceOrientationLandscapeRight";
				LD_RUNPATH_SEARCH_PATHS = (
					"$(inherited)",
					"@executable_path/Frameworks",
				);
				MARKETING_VERSION = 1.0;
				PRODUCT_BUNDLE_IDENTIFIER = None.sappli;
				PRODUCT_NAME = "$(TARGET_NAME)";
				SWIFT_EMIT_LOC_STRINGS = YES;
				SWIFT_VERSION = 5.0;
				TARGETED_DEVICE_FAMILY = "1,2";
			};
			name = Release;
		};
		1BBBA2222AA72F7A006CC670 /* Debug */ = {
			isa = XCBuildConfiguration;
			buildSettings = {
				BUNDLE_LOADER = "$(TEST_HOST)";
				CODE_SIGN_STYLE = Automatic;
				CURRENT_PROJECT_VERSION = 1;
				GENERATE_INFOPLIST_FILE = YES;
				MARKETING_VERSION = 1.0;
				PRODUCT_BUNDLE_IDENTIFIER = None.sappliTests;
				PRODUCT_NAME = "$(TARGET_NAME)";
				SWIFT_EMIT_LOC_STRINGS = NO;
				SWIFT_VERSION = 5.0;
				TARGETED_DEVICE_FAMILY = "1,2";
				TEST_HOST = "$(BUILT_PRODUCTS_DIR)/sappli.app/$(BUNDLE_EXECUTABLE_FOLDER_PATH)/sappli";
			};
			name = Debug;
		};
		1BBBA2232AA72F7A006CC670 /* Release */ = {
			isa = XCBuildConfiguration;
			buildSettings = {
				BUNDLE_LOADER = "$(TEST_HOST)";
				CODE_SIGN_STYLE = Automatic;
				CURRENT_PROJECT_VERSION = 1;
				GENERATE_INFOPLIST_FILE = YES;
				MARKETING_VERSION = 1.0;
				PRODUCT_BUNDLE_IDENTIFIER = None.sappliTests;
				PRODUCT_NAME = "$(TARGET_NAME)";
				SWIFT_EMIT_LOC_STRINGS = NO;
				SWIFT_VERSION = 5.0;
				TARGETED_DEVICE_FAMILY = "1,2";
				TEST_HOST = "$(BUILT_PRODUCTS_DIR)/sappli.app/$(BUNDLE_EXECUTABLE_FOLDER_PATH)/sappli";
			};
			name = Release;
		};
/* End XCBuildConfiguration section */

/* Begin XCConfigurationList section */
		1B0240682AA6DC8B00EE0447 /* Build configuration list for PBXProject "sappli" */ = {
			isa = XCConfigurationList;
			buildConfigurations = (
				1B0240792AA6DC8F00EE0447 /* Debug */,
				1B02407A2AA6DC8F00EE0447 /* Release */,
			);
			defaultConfigurationIsVisible = 0;
			defaultConfigurationName = Release;
		};
		1B02407B2AA6DC8F00EE0447 /* Build configuration list for PBXNativeTarget "sappli" */ = {
			isa = XCConfigurationList;
			buildConfigurations = (
				1B02407C2AA6DC8F00EE0447 /* Debug */,
				1B02407D2AA6DC8F00EE0447 /* Release */,
			);
			defaultConfigurationIsVisible = 0;
			defaultConfigurationName = Release;
		};
		1BBBA2212AA72F7A006CC670 /* Build configuration list for PBXNativeTarget "sappliTests" */ = {
			isa = XCConfigurationList;
			buildConfigurations = (
				1BBBA2222AA72F7A006CC670 /* Debug */,
				1BBBA2232AA72F7A006CC670 /* Release */,
			);
			defaultConfigurationIsVisible = 0;
			defaultConfigurationName = Release;
		};
/* End XCConfigurationList section */

/* Begin XCRemoteSwiftPackageReference section */
		1B02407E2AA6DCDF00EE0447 /* XCRemoteSwiftPackageReference "SwiftFormat" */ = {
			isa = XCRemoteSwiftPackageReference;
			repositoryURL = "https://github.com/nicklockwood/SwiftFormat";
			requirement = {
				kind = upToNextMajorVersion;
				minimumVersion = 0.52.3;
			};
		};
		1B0240952AA7220B00EE0447 /* XCRemoteSwiftPackageReference "realm-swift" */ = {
			isa = XCRemoteSwiftPackageReference;
			repositoryURL = "https://github.com/realm/realm-swift.git";
			requirement = {
				kind = upToNextMajorVersion;
				minimumVersion = 10.42.1;
			};
		};
/* End XCRemoteSwiftPackageReference section */

/* Begin XCSwiftPackageProductDependency section */
		1B02407F2AA6DCDF00EE0447 /* SwiftFormat */ = {
			isa = XCSwiftPackageProductDependency;
			package = 1B02407E2AA6DCDF00EE0447 /* XCRemoteSwiftPackageReference "SwiftFormat" */;
			productName = SwiftFormat;
		};
		1B0240962AA7220B00EE0447 /* Realm */ = {
			isa = XCSwiftPackageProductDependency;
			package = 1B0240952AA7220B00EE0447 /* XCRemoteSwiftPackageReference "realm-swift" */;
			productName = Realm;
		};
		1B0240982AA7220B00EE0447 /* RealmSwift */ = {
			isa = XCSwiftPackageProductDependency;
			package = 1B0240952AA7220B00EE0447 /* XCRemoteSwiftPackageReference "realm-swift" */;
			productName = RealmSwift;
		};
/* End XCSwiftPackageProductDependency section */
	};
	rootObject = 1B0240652AA6DC8B00EE0447 /* Project object */;
}
